// !$*UTF8*$!
{
	archiveVersion = 1;
	classes = {
	};
	objectVersion = 56;
	objects = {

/* Begin PBXBuildFile section */
		98B995BE2CD958FC00C031CF /* IosTutorialApp.swift in Sources */ = {isa = PBXBuildFile; fileRef = 98B995BD2CD958FC00C031CF /* IosTutorialApp.swift */; };
		98B995C02CD958FC00C031CF /* ContentView.swift in Sources */ = {isa = PBXBuildFile; fileRef = 98B995BF2CD958FC00C031CF /* ContentView.swift */; };
		98B995C22CD958FD00C031CF /* Assets.xcassets in Resources */ = {isa = PBXBuildFile; fileRef = 98B995C12CD958FD00C031CF /* Assets.xcassets */; };
		98B995C62CD958FD00C031CF /* Preview Assets.xcassets in Resources */ = {isa = PBXBuildFile; fileRef = 98B995C52CD958FD00C031CF /* Preview Assets.xcassets */; };
		98B995D02CD958FD00C031CF /* IosTutorialTests.swift in Sources */ = {isa = PBXBuildFile; fileRef = 98B995CF2CD958FD00C031CF /* IosTutorialTests.swift */; };
		98B995DA2CD958FD00C031CF /* IosTutorialUITests.swift in Sources */ = {isa = PBXBuildFile; fileRef = 98B995D92CD958FD00C031CF /* IosTutorialUITests.swift */; };
		98B995DC2CD958FD00C031CF /* IosTutorialUITestsLaunchTests.swift in Sources */ = {isa = PBXBuildFile; fileRef = 98B995DB2CD958FD00C031CF /* IosTutorialUITestsLaunchTests.swift */; };
/* End PBXBuildFile section */

/* Begin PBXContainerItemProxy section */
		98B995CC2CD958FD00C031CF /* PBXContainerItemProxy */ = {
			isa = PBXContainerItemProxy;
			containerPortal = 98B995B22CD958FC00C031CF /* Project object */;
			proxyType = 1;
			remoteGlobalIDString = 98B995B92CD958FC00C031CF;
			remoteInfo = IosTutorial;
		};
		98B995D62CD958FD00C031CF /* PBXContainerItemProxy */ = {
			isa = PBXContainerItemProxy;
			containerPortal = 98B995B22CD958FC00C031CF /* Project object */;
			proxyType = 1;
			remoteGlobalIDString = 98B995B92CD958FC00C031CF;
			remoteInfo = IosTutorial;
		};
/* End PBXContainerItemProxy section */

/* Begin PBXFileReference section */
		98B995BA2CD958FC00C031CF /* IosTutorial.app */ = {isa = PBXFileReference; explicitFileType = wrapper.application; includeInIndex = 0; path = IosTutorial.app; sourceTree = BUILT_PRODUCTS_DIR; };
		98B995BD2CD958FC00C031CF /* IosTutorialApp.swift */ = {isa = PBXFileReference; lastKnownFileType = sourcecode.swift; path = IosTutorialApp.swift; sourceTree = "<group>"; };
		98B995BF2CD958FC00C031CF /* ContentView.swift */ = {isa = PBXFileReference; lastKnownFileType = sourcecode.swift; path = ContentView.swift; sourceTree = "<group>"; };
		98B995C12CD958FD00C031CF /* Assets.xcassets */ = {isa = PBXFileReference; lastKnownFileType = folder.assetcatalog; path = Assets.xcassets; sourceTree = "<group>"; };
		98B995C32CD958FD00C031CF /* IosTutorial.entitlements */ = {isa = PBXFileReference; lastKnownFileType = text.plist.entitlements; path = IosTutorial.entitlements; sourceTree = "<group>"; };
		98B995C52CD958FD00C031CF /* Preview Assets.xcassets */ = {isa = PBXFileReference; lastKnownFileType = folder.assetcatalog; path = "Preview Assets.xcassets"; sourceTree = "<group>"; };
		98B995CB2CD958FD00C031CF /* IosTutorialTests.xctest */ = {isa = PBXFileReference; explicitFileType = wrapper.cfbundle; includeInIndex = 0; path = IosTutorialTests.xctest; sourceTree = BUILT_PRODUCTS_DIR; };
		98B995CF2CD958FD00C031CF /* IosTutorialTests.swift */ = {isa = PBXFileReference; lastKnownFileType = sourcecode.swift; path = IosTutorialTests.swift; sourceTree = "<group>"; };
		98B995D52CD958FD00C031CF /* IosTutorialUITests.xctest */ = {isa = PBXFileReference; explicitFileType = wrapper.cfbundle; includeInIndex = 0; path = IosTutorialUITests.xctest; sourceTree = BUILT_PRODUCTS_DIR; };
		98B995D92CD958FD00C031CF /* IosTutorialUITests.swift */ = {isa = PBXFileReference; lastKnownFileType = sourcecode.swift; path = IosTutorialUITests.swift; sourceTree = "<group>"; };
		98B995DB2CD958FD00C031CF /* IosTutorialUITestsLaunchTests.swift */ = {isa = PBXFileReference; lastKnownFileType = sourcecode.swift; path = IosTutorialUITestsLaunchTests.swift; sourceTree = "<group>"; };
/* End PBXFileReference section */

/* Begin PBXFrameworksBuildPhase section */
		98B995B72CD958FC00C031CF /* Frameworks */ = {
			isa = PBXFrameworksBuildPhase;
			buildActionMask = 2147483647;
			files = (
			);
			runOnlyForDeploymentPostprocessing = 0;
		};
		98B995C82CD958FD00C031CF /* Frameworks */ = {
			isa = PBXFrameworksBuildPhase;
			buildActionMask = 2147483647;
			files = (
			);
			runOnlyForDeploymentPostprocessing = 0;
		};
		98B995D22CD958FD00C031CF /* Frameworks */ = {
			isa = PBXFrameworksBuildPhase;
			buildActionMask = 2147483647;
			files = (
			);
			runOnlyForDeploymentPostprocessing = 0;
		};
/* End PBXFrameworksBuildPhase section */

/* Begin PBXGroup section */
		98B995B12CD958FC00C031CF = {
			isa = PBXGroup;
			children = (
				98B995BC2CD958FC00C031CF /* IosTutorial */,
				98B995CE2CD958FD00C031CF /* IosTutorialTests */,
				98B995D82CD958FD00C031CF /* IosTutorialUITests */,
				98B995BB2CD958FC00C031CF /* Products */,
			);
			sourceTree = "<group>";
		};
		98B995BB2CD958FC00C031CF /* Products */ = {
			isa = PBXGroup;
			children = (
				98B995BA2CD958FC00C031CF /* IosTutorial.app */,
				98B995CB2CD958FD00C031CF /* IosTutorialTests.xctest */,
				98B995D52CD958FD00C031CF /* IosTutorialUITests.xctest */,
			);
			name = Products;
			sourceTree = "<group>";
		};
		98B995BC2CD958FC00C031CF /* IosTutorial */ = {
			isa = PBXGroup;
			children = (
				98B995BD2CD958FC00C031CF /* IosTutorialApp.swift */,
				98B995BF2CD958FC00C031CF /* ContentView.swift */,
				98B995C12CD958FD00C031CF /* Assets.xcassets */,
				98B995C32CD958FD00C031CF /* IosTutorial.entitlements */,
				98B995C42CD958FD00C031CF /* Preview Content */,
			);
			path = IosTutorial;
			sourceTree = "<group>";
		};
		98B995C42CD958FD00C031CF /* Preview Content */ = {
			isa = PBXGroup;
			children = (
				98B995C52CD958FD00C031CF /* Preview Assets.xcassets */,
			);
			path = "Preview Content";
			sourceTree = "<group>";
		};
		98B995CE2CD958FD00C031CF /* IosTutorialTests */ = {
			isa = PBXGroup;
			children = (
				98B995CF2CD958FD00C031CF /* IosTutorialTests.swift */,
			);
			path = IosTutorialTests;
			sourceTree = "<group>";
		};
		98B995D82CD958FD00C031CF /* IosTutorialUITests */ = {
			isa = PBXGroup;
			children = (
				98B995D92CD958FD00C031CF /* IosTutorialUITests.swift */,
				98B995DB2CD958FD00C031CF /* IosTutorialUITestsLaunchTests.swift */,
			);
			path = IosTutorialUITests;
			sourceTree = "<group>";
		};
/* End PBXGroup section */

/* Begin PBXNativeTarget section */
		98B995B92CD958FC00C031CF /* IosTutorial */ = {
			isa = PBXNativeTarget;
			buildConfigurationList = 98B995DF2CD958FD00C031CF /* Build configuration list for PBXNativeTarget "IosTutorial" */;
			buildPhases = (
				98B995B62CD958FC00C031CF /* Sources */,
				98B995B72CD958FC00C031CF /* Frameworks */,
				98B995B82CD958FC00C031CF /* Resources */,
			);
			buildRules = (
			);
			dependencies = (
			);
			name = IosTutorial;
			productName = IosTutorial;
			productReference = 98B995BA2CD958FC00C031CF /* IosTutorial.app */;
			productType = "com.apple.product-type.application";
		};
		98B995CA2CD958FD00C031CF /* IosTutorialTests */ = {
			isa = PBXNativeTarget;
			buildConfigurationList = 98B995E22CD958FD00C031CF /* Build configuration list for PBXNativeTarget "IosTutorialTests" */;
			buildPhases = (
				98B995C72CD958FD00C031CF /* Sources */,
				98B995C82CD958FD00C031CF /* Frameworks */,
				98B995C92CD958FD00C031CF /* Resources */,
			);
			buildRules = (
			);
			dependencies = (
				98B995CD2CD958FD00C031CF /* PBXTargetDependency */,
			);
			name = IosTutorialTests;
			productName = IosTutorialTests;
			productReference = 98B995CB2CD958FD00C031CF /* IosTutorialTests.xctest */;
			productType = "com.apple.product-type.bundle.unit-test";
		};
		98B995D42CD958FD00C031CF /* IosTutorialUITests */ = {
			isa = PBXNativeTarget;
			buildConfigurationList = 98B995E52CD958FD00C031CF /* Build configuration list for PBXNativeTarget "IosTutorialUITests" */;
			buildPhases = (
				98B995D12CD958FD00C031CF /* Sources */,
				98B995D22CD958FD00C031CF /* Frameworks */,
				98B995D32CD958FD00C031CF /* Resources */,
			);
			buildRules = (
			);
			dependencies = (
				98B995D72CD958FD00C031CF /* PBXTargetDependency */,
			);
			name = IosTutorialUITests;
			productName = IosTutorialUITests;
			productReference = 98B995D52CD958FD00C031CF /* IosTutorialUITests.xctest */;
			productType = "com.apple.product-type.bundle.ui-testing";
		};
/* End PBXNativeTarget section */

/* Begin PBXProject section */
		98B995B22CD958FC00C031CF /* Project object */ = {
			isa = PBXProject;
			attributes = {
				BuildIndependentTargetsInParallel = 1;
				LastSwiftUpdateCheck = 1540;
				LastUpgradeCheck = 1540;
				TargetAttributes = {
					98B995B92CD958FC00C031CF = {
						CreatedOnToolsVersion = 15.4;
					};
					98B995CA2CD958FD00C031CF = {
						CreatedOnToolsVersion = 15.4;
						TestTargetID = 98B995B92CD958FC00C031CF;
					};
					98B995D42CD958FD00C031CF = {
						CreatedOnToolsVersion = 15.4;
						TestTargetID = 98B995B92CD958FC00C031CF;
					};
				};
			};
			buildConfigurationList = 98B995B52CD958FC00C031CF /* Build configuration list for PBXProject "IosTutorial" */;
			compatibilityVersion = "Xcode 14.0";
			developmentRegion = en;
			hasScannedForEncodings = 0;
			knownRegions = (
				en,
				Base,
			);
			mainGroup = 98B995B12CD958FC00C031CF;
			productRefGroup = 98B995BB2CD958FC00C031CF /* Products */;
			projectDirPath = "";
			projectRoot = "";
			targets = (
				98B995B92CD958FC00C031CF /* IosTutorial */,
				98B995CA2CD958FD00C031CF /* IosTutorialTests */,
				98B995D42CD958FD00C031CF /* IosTutorialUITests */,
			);
		};
/* End PBXProject section */

/* Begin PBXResourcesBuildPhase section */
		98B995B82CD958FC00C031CF /* Resources */ = {
			isa = PBXResourcesBuildPhase;
			buildActionMask = 2147483647;
			files = (
				98B995C62CD958FD00C031CF /* Preview Assets.xcassets in Resources */,
				98B995C22CD958FD00C031CF /* Assets.xcassets in Resources */,
			);
			runOnlyForDeploymentPostprocessing = 0;
		};
		98B995C92CD958FD00C031CF /* Resources */ = {
			isa = PBXResourcesBuildPhase;
			buildActionMask = 2147483647;
			files = (
			);
			runOnlyForDeploymentPostprocessing = 0;
		};
		98B995D32CD958FD00C031CF /* Resources */ = {
			isa = PBXResourcesBuildPhase;
			buildActionMask = 2147483647;
			files = (
			);
			runOnlyForDeploymentPostprocessing = 0;
		};
/* End PBXResourcesBuildPhase section */

/* Begin PBXSourcesBuildPhase section */
		98B995B62CD958FC00C031CF /* Sources */ = {
			isa = PBXSourcesBuildPhase;
			buildActionMask = 2147483647;
			files = (
				98B995C02CD958FC00C031CF /* ContentView.swift in Sources */,
				98B995BE2CD958FC00C031CF /* IosTutorialApp.swift in Sources */,
			);
			runOnlyForDeploymentPostprocessing = 0;
		};
		98B995C72CD958FD00C031CF /* Sources */ = {
			isa = PBXSourcesBuildPhase;
			buildActionMask = 2147483647;
			files = (
				98B995D02CD958FD00C031CF /* IosTutorialTests.swift in Sources */,
			);
			runOnlyForDeploymentPostprocessing = 0;
		};
		98B995D12CD958FD00C031CF /* Sources */ = {
			isa = PBXSourcesBuildPhase;
			buildActionMask = 2147483647;
			files = (
				98B995DC2CD958FD00C031CF /* IosTutorialUITestsLaunchTests.swift in Sources */,
				98B995DA2CD958FD00C031CF /* IosTutorialUITests.swift in Sources */,
			);
			runOnlyForDeploymentPostprocessing = 0;
		};
/* End PBXSourcesBuildPhase section */

/* Begin PBXTargetDependency section */
		98B995CD2CD958FD00C031CF /* PBXTargetDependency */ = {
			isa = PBXTargetDependency;
			target = 98B995B92CD958FC00C031CF /* IosTutorial */;
			targetProxy = 98B995CC2CD958FD00C031CF /* PBXContainerItemProxy */;
		};
		98B995D72CD958FD00C031CF /* PBXTargetDependency */ = {
			isa = PBXTargetDependency;
			target = 98B995B92CD958FC00C031CF /* IosTutorial */;
			targetProxy = 98B995D62CD958FD00C031CF /* PBXContainerItemProxy */;
		};
/* End PBXTargetDependency section */

/* Begin XCBuildConfiguration section */
		98B995DD2CD958FD00C031CF /* Debug */ = {
			isa = XCBuildConfiguration;
			buildSettings = {
				ALWAYS_SEARCH_USER_PATHS = NO;
				ASSETCATALOG_COMPILER_GENERATE_SWIFT_ASSET_SYMBOL_EXTENSIONS = YES;
				CLANG_ANALYZER_NONNULL = YES;
				CLANG_ANALYZER_NUMBER_OBJECT_CONVERSION = YES_AGGRESSIVE;
				CLANG_CXX_LANGUAGE_STANDARD = "gnu++20";
				CLANG_ENABLE_MODULES = YES;
				CLANG_ENABLE_OBJC_ARC = YES;
				CLANG_ENABLE_OBJC_WEAK = YES;
				CLANG_WARN_BLOCK_CAPTURE_AUTORELEASING = YES;
				CLANG_WARN_BOOL_CONVERSION = YES;
				CLANG_WARN_COMMA = YES;
				CLANG_WARN_CONSTANT_CONVERSION = YES;
				CLANG_WARN_DEPRECATED_OBJC_IMPLEMENTATIONS = YES;
				CLANG_WARN_DIRECT_OBJC_ISA_USAGE = YES_ERROR;
				CLANG_WARN_DOCUMENTATION_COMMENTS = YES;
				CLANG_WARN_EMPTY_BODY = YES;
				CLANG_WARN_ENUM_CONVERSION = YES;
				CLANG_WARN_INFINITE_RECURSION = YES;
				CLANG_WARN_INT_CONVERSION = YES;
				CLANG_WARN_NON_LITERAL_NULL_CONVERSION = YES;
				CLANG_WARN_OBJC_IMPLICIT_RETAIN_SELF = YES;
				CLANG_WARN_OBJC_LITERAL_CONVERSION = YES;
				CLANG_WARN_OBJC_ROOT_CLASS = YES_ERROR;
				CLANG_WARN_QUOTED_INCLUDE_IN_FRAMEWORK_HEADER = YES;
				CLANG_WARN_RANGE_LOOP_ANALYSIS = YES;
				CLANG_WARN_STRICT_PROTOTYPES = YES;
				CLANG_WARN_SUSPICIOUS_MOVE = YES;
				CLANG_WARN_UNGUARDED_AVAILABILITY = YES_AGGRESSIVE;
				CLANG_WARN_UNREACHABLE_CODE = YES;
				CLANG_WARN__DUPLICATE_METHOD_MATCH = YES;
				COPY_PHASE_STRIP = NO;
				DEBUG_INFORMATION_FORMAT = dwarf;
				ENABLE_STRICT_OBJC_MSGSEND = YES;
				ENABLE_TESTABILITY = YES;
				ENABLE_USER_SCRIPT_SANDBOXING = YES;
				GCC_C_LANGUAGE_STANDARD = gnu17;
				GCC_DYNAMIC_NO_PIC = NO;
				GCC_NO_COMMON_BLOCKS = YES;
				GCC_OPTIMIZATION_LEVEL = 0;
				GCC_PREPROCESSOR_DEFINITIONS = (
					"DEBUG=1",
					"$(inherited)",
				);
				GCC_WARN_64_TO_32_BIT_CONVERSION = YES;
				GCC_WARN_ABOUT_RETURN_TYPE = YES_ERROR;
				GCC_WARN_UNDECLARED_SELECTOR = YES;
				GCC_WARN_UNINITIALIZED_AUTOS = YES_AGGRESSIVE;
				GCC_WARN_UNUSED_FUNCTION = YES;
				GCC_WARN_UNUSED_VARIABLE = YES;
				LOCALIZATION_PREFERS_STRING_CATALOGS = YES;
				MTL_ENABLE_DEBUG_INFO = INCLUDE_SOURCE;
				MTL_FAST_MATH = YES;
				ONLY_ACTIVE_ARCH = YES;
				SWIFT_ACTIVE_COMPILATION_CONDITIONS = "DEBUG $(inherited)";
				SWIFT_OPTIMIZATION_LEVEL = "-Onone";
			};
			name = Debug;
		};
		98B995DE2CD958FD00C031CF /* Release */ = {
			isa = XCBuildConfiguration;
			buildSettings = {
				ALWAYS_SEARCH_USER_PATHS = NO;
				ASSETCATALOG_COMPILER_GENERATE_SWIFT_ASSET_SYMBOL_EXTENSIONS = YES;
				CLANG_ANALYZER_NONNULL = YES;
				CLANG_ANALYZER_NUMBER_OBJECT_CONVERSION = YES_AGGRESSIVE;
				CLANG_CXX_LANGUAGE_STANDARD = "gnu++20";
				CLANG_ENABLE_MODULES = YES;
				CLANG_ENABLE_OBJC_ARC = YES;
				CLANG_ENABLE_OBJC_WEAK = YES;
				CLANG_WARN_BLOCK_CAPTURE_AUTORELEASING = YES;
				CLANG_WARN_BOOL_CONVERSION = YES;
				CLANG_WARN_COMMA = YES;
				CLANG_WARN_CONSTANT_CONVERSION = YES;
				CLANG_WARN_DEPRECATED_OBJC_IMPLEMENTATIONS = YES;
				CLANG_WARN_DIRECT_OBJC_ISA_USAGE = YES_ERROR;
				CLANG_WARN_DOCUMENTATION_COMMENTS = YES;
				CLANG_WARN_EMPTY_BODY = YES;
				CLANG_WARN_ENUM_CONVERSION = YES;
				CLANG_WARN_INFINITE_RECURSION = YES;
				CLANG_WARN_INT_CONVERSION = YES;
				CLANG_WARN_NON_LITERAL_NULL_CONVERSION = YES;
				CLANG_WARN_OBJC_IMPLICIT_RETAIN_SELF = YES;
				CLANG_WARN_OBJC_LITERAL_CONVERSION = YES;
				CLANG_WARN_OBJC_ROOT_CLASS = YES_ERROR;
				CLANG_WARN_QUOTED_INCLUDE_IN_FRAMEWORK_HEADER = YES;
				CLANG_WARN_RANGE_LOOP_ANALYSIS = YES;
				CLANG_WARN_STRICT_PROTOTYPES = YES;
				CLANG_WARN_SUSPICIOUS_MOVE = YES;
				CLANG_WARN_UNGUARDED_AVAILABILITY = YES_AGGRESSIVE;
				CLANG_WARN_UNREACHABLE_CODE = YES;
				CLANG_WARN__DUPLICATE_METHOD_MATCH = YES;
				COPY_PHASE_STRIP = NO;
				DEBUG_INFORMATION_FORMAT = "dwarf-with-dsym";
				ENABLE_NS_ASSERTIONS = NO;
				ENABLE_STRICT_OBJC_MSGSEND = YES;
				ENABLE_USER_SCRIPT_SANDBOXING = YES;
				GCC_C_LANGUAGE_STANDARD = gnu17;
				GCC_NO_COMMON_BLOCKS = YES;
				GCC_WARN_64_TO_32_BIT_CONVERSION = YES;
				GCC_WARN_ABOUT_RETURN_TYPE = YES_ERROR;
				GCC_WARN_UNDECLARED_SELECTOR = YES;
				GCC_WARN_UNINITIALIZED_AUTOS = YES_AGGRESSIVE;
				GCC_WARN_UNUSED_FUNCTION = YES;
				GCC_WARN_UNUSED_VARIABLE = YES;
				LOCALIZATION_PREFERS_STRING_CATALOGS = YES;
				MTL_ENABLE_DEBUG_INFO = NO;
				MTL_FAST_MATH = YES;
				SWIFT_COMPILATION_MODE = wholemodule;
			};
			name = Release;
		};
		98B995E02CD958FD00C031CF /* Debug */ = {
			isa = XCBuildConfiguration;
			buildSettings = {
				ASSETCATALOG_COMPILER_APPICON_NAME = AppIcon;
				ASSETCATALOG_COMPILER_GLOBAL_ACCENT_COLOR_NAME = AccentColor;
				CODE_SIGN_ENTITLEMENTS = IosTutorial/IosTutorial.entitlements;
				CODE_SIGN_STYLE = Automatic;
				CURRENT_PROJECT_VERSION = 1;
				DEVELOPMENT_ASSET_PATHS = "\"IosTutorial/Preview Content\"";
				ENABLE_PREVIEWS = YES;
				GENERATE_INFOPLIST_FILE = YES;
				"INFOPLIST_KEY_UIApplicationSceneManifest_Generation[sdk=iphoneos*]" = YES;
				"INFOPLIST_KEY_UIApplicationSceneManifest_Generation[sdk=iphonesimulator*]" = YES;
				"INFOPLIST_KEY_UIApplicationSupportsIndirectInputEvents[sdk=iphoneos*]" = YES;
				"INFOPLIST_KEY_UIApplicationSupportsIndirectInputEvents[sdk=iphonesimulator*]" = YES;
				"INFOPLIST_KEY_UILaunchScreen_Generation[sdk=iphoneos*]" = YES;
				"INFOPLIST_KEY_UILaunchScreen_Generation[sdk=iphonesimulator*]" = YES;
				"INFOPLIST_KEY_UIStatusBarStyle[sdk=iphoneos*]" = UIStatusBarStyleDefault;
				"INFOPLIST_KEY_UIStatusBarStyle[sdk=iphonesimulator*]" = UIStatusBarStyleDefault;
				INFOPLIST_KEY_UISupportedInterfaceOrientations_iPad = "UIInterfaceOrientationPortrait UIInterfaceOrientationPortraitUpsideDown UIInterfaceOrientationLandscapeLeft UIInterfaceOrientationLandscapeRight";
				INFOPLIST_KEY_UISupportedInterfaceOrientations_iPhone = "UIInterfaceOrientationPortrait UIInterfaceOrientationLandscapeLeft UIInterfaceOrientationLandscapeRight";
				IPHONEOS_DEPLOYMENT_TARGET = 17.5;
				LD_RUNPATH_SEARCH_PATHS = "@executable_path/Frameworks";
				"LD_RUNPATH_SEARCH_PATHS[sdk=macosx*]" = "@executable_path/../Frameworks";
				MACOSX_DEPLOYMENT_TARGET = 14.0;
				MARKETING_VERSION = 1.0;
				PRODUCT_BUNDLE_IDENTIFIER = hafizramiz.IosTutorial;
				PRODUCT_NAME = "$(TARGET_NAME)";
				SDKROOT = auto;
				SUPPORTED_PLATFORMS = "iphoneos iphonesimulator macosx";
				SWIFT_EMIT_LOC_STRINGS = YES;
				SWIFT_VERSION = 5.0;
				TARGETED_DEVICE_FAMILY = "1,2";
			};
			name = Debug;
		};
		98B995E12CD958FD00C031CF /* Release */ = {
			isa = XCBuildConfiguration;
			buildSettings = {
				ASSETCATALOG_COMPILER_APPICON_NAME = AppIcon;
				ASSETCATALOG_COMPILER_GLOBAL_ACCENT_COLOR_NAME = AccentColor;
				CODE_SIGN_ENTITLEMENTS = IosTutorial/IosTutorial.entitlements;
				CODE_SIGN_STYLE = Automatic;
				CURRENT_PROJECT_VERSION = 1;
				DEVELOPMENT_ASSET_PATHS = "\"IosTutorial/Preview Content\"";
				ENABLE_PREVIEWS = YES;
				GENERATE_INFOPLIST_FILE = YES;
				"INFOPLIST_KEY_UIApplicationSceneManifest_Generation[sdk=iphoneos*]" = YES;
				"INFOPLIST_KEY_UIApplicationSceneManifest_Generation[sdk=iphonesimulator*]" = YES;
				"INFOPLIST_KEY_UIApplicationSupportsIndirectInputEvents[sdk=iphoneos*]" = YES;
				"INFOPLIST_KEY_UIApplicationSupportsIndirectInputEvents[sdk=iphonesimulator*]" = YES;
				"INFOPLIST_KEY_UILaunchScreen_Generation[sdk=iphoneos*]" = YES;
				"INFOPLIST_KEY_UILaunchScreen_Generation[sdk=iphonesimulator*]" = YES;
				"INFOPLIST_KEY_UIStatusBarStyle[sdk=iphoneos*]" = UIStatusBarStyleDefault;
				"INFOPLIST_KEY_UIStatusBarStyle[sdk=iphonesimulator*]" = UIStatusBarStyleDefault;
				INFOPLIST_KEY_UISupportedInterfaceOrientations_iPad = "UIInterfaceOrientationPortrait UIInterfaceOrientationPortraitUpsideDown UIInterfaceOrientationLandscapeLeft UIInterfaceOrientationLandscapeRight";
				INFOPLIST_KEY_UISupportedInterfaceOrientations_iPhone = "UIInterfaceOrientationPortrait UIInterfaceOrientationLandscapeLeft UIInterfaceOrientationLandscapeRight";
				IPHONEOS_DEPLOYMENT_TARGET = 17.5;
				LD_RUNPATH_SEARCH_PATHS = "@executable_path/Frameworks";
				"LD_RUNPATH_SEARCH_PATHS[sdk=macosx*]" = "@executable_path/../Frameworks";
				MACOSX_DEPLOYMENT_TARGET = 14.0;
				MARKETING_VERSION = 1.0;
				PRODUCT_BUNDLE_IDENTIFIER = hafizramiz.IosTutorial;
				PRODUCT_NAME = "$(TARGET_NAME)";
				SDKROOT = auto;
				SUPPORTED_PLATFORMS = "iphoneos iphonesimulator macosx";
				SWIFT_EMIT_LOC_STRINGS = YES;
				SWIFT_VERSION = 5.0;
				TARGETED_DEVICE_FAMILY = "1,2";
			};
			name = Release;
		};
		98B995E32CD958FD00C031CF /* Debug */ = {
			isa = XCBuildConfiguration;
			buildSettings = {
				ALWAYS_EMBED_SWIFT_STANDARD_LIBRARIES = YES;
				BUNDLE_LOADER = "$(TEST_HOST)";
				CODE_SIGN_STYLE = Automatic;
				CURRENT_PROJECT_VERSION = 1;
				GENERATE_INFOPLIST_FILE = YES;
				IPHONEOS_DEPLOYMENT_TARGET = 17.5;
				MACOSX_DEPLOYMENT_TARGET = 14.0;
				MARKETING_VERSION = 1.0;
				PRODUCT_BUNDLE_IDENTIFIER = hafizramiz.IosTutorialTests;
				PRODUCT_NAME = "$(TARGET_NAME)";
				SDKROOT = auto;
				SUPPORTED_PLATFORMS = "iphoneos iphonesimulator macosx";
				SWIFT_EMIT_LOC_STRINGS = NO;
				SWIFT_VERSION = 5.0;
				TARGETED_DEVICE_FAMILY = "1,2";
				TEST_HOST = "$(BUILT_PRODUCTS_DIR)/IosTutorial.app/$(BUNDLE_EXECUTABLE_FOLDER_PATH)/IosTutorial";
			};
			name = Debug;
		};
		98B995E42CD958FD00C031CF /* Release */ = {
			isa = XCBuildConfiguration;
			buildSettings = {
				ALWAYS_EMBED_SWIFT_STANDARD_LIBRARIES = YES;
				BUNDLE_LOADER = "$(TEST_HOST)";
				CODE_SIGN_STYLE = Automatic;
				CURRENT_PROJECT_VERSION = 1;
				GENERATE_INFOPLIST_FILE = YES;
				IPHONEOS_DEPLOYMENT_TARGET = 17.5;
				MACOSX_DEPLOYMENT_TARGET = 14.0;
				MARKETING_VERSION = 1.0;
				PRODUCT_BUNDLE_IDENTIFIER = hafizramiz.IosTutorialTests;
				PRODUCT_NAME = "$(TARGET_NAME)";
				SDKROOT = auto;
				SUPPORTED_PLATFORMS = "iphoneos iphonesimulator macosx";
				SWIFT_EMIT_LOC_STRINGS = NO;
				SWIFT_VERSION = 5.0;
				TARGETED_DEVICE_FAMILY = "1,2";
				TEST_HOST = "$(BUILT_PRODUCTS_DIR)/IosTutorial.app/$(BUNDLE_EXECUTABLE_FOLDER_PATH)/IosTutorial";
			};
			name = Release;
		};
		98B995E62CD958FD00C031CF /* Debug */ = {
			isa = XCBuildConfiguration;
			buildSettings = {
				ALWAYS_EMBED_SWIFT_STANDARD_LIBRARIES = YES;
				CODE_SIGN_STYLE = Automatic;
				CURRENT_PROJECT_VERSION = 1;
				GENERATE_INFOPLIST_FILE = YES;
				IPHONEOS_DEPLOYMENT_TARGET = 17.5;
				MACOSX_DEPLOYMENT_TARGET = 14.0;
				MARKETING_VERSION = 1.0;
				PRODUCT_BUNDLE_IDENTIFIER = hafizramiz.IosTutorialUITests;
				PRODUCT_NAME = "$(TARGET_NAME)";
				SDKROOT = auto;
				SUPPORTED_PLATFORMS = "iphoneos iphonesimulator macosx";
				SWIFT_EMIT_LOC_STRINGS = NO;
				SWIFT_VERSION = 5.0;
				TARGETED_DEVICE_FAMILY = "1,2";
				TEST_TARGET_NAME = IosTutorial;
			};
			name = Debug;
		};
		98B995E72CD958FD00C031CF /* Release */ = {
			isa = XCBuildConfiguration;
			buildSettings = {
				ALWAYS_EMBED_SWIFT_STANDARD_LIBRARIES = YES;
				CODE_SIGN_STYLE = Automatic;
				CURRENT_PROJECT_VERSION = 1;
				GENERATE_INFOPLIST_FILE = YES;
				IPHONEOS_DEPLOYMENT_TARGET = 17.5;
				MACOSX_DEPLOYMENT_TARGET = 14.0;
				MARKETING_VERSION = 1.0;
				PRODUCT_BUNDLE_IDENTIFIER = hafizramiz.IosTutorialUITests;
				PRODUCT_NAME = "$(TARGET_NAME)";
				SDKROOT = auto;
				SUPPORTED_PLATFORMS = "iphoneos iphonesimulator macosx";
				SWIFT_EMIT_LOC_STRINGS = NO;
				SWIFT_VERSION = 5.0;
				TARGETED_DEVICE_FAMILY = "1,2";
				TEST_TARGET_NAME = IosTutorial;
			};
			name = Release;
		};
/* End XCBuildConfiguration section */

/* Begin XCConfigurationList section */
		98B995B52CD958FC00C031CF /* Build configuration list for PBXProject "IosTutorial" */ = {
			isa = XCConfigurationList;
			buildConfigurations = (
				98B995DD2CD958FD00C031CF /* Debug */,
				98B995DE2CD958FD00C031CF /* Release */,
			);
			defaultConfigurationIsVisible = 0;
			defaultConfigurationName = Release;
		};
		98B995DF2CD958FD00C031CF /* Build configuration list for PBXNativeTarget "IosTutorial" */ = {
			isa = XCConfigurationList;
			buildConfigurations = (
				98B995E02CD958FD00C031CF /* Debug */,
				98B995E12CD958FD00C031CF /* Release */,
			);
			defaultConfigurationIsVisible = 0;
			defaultConfigurationName = Release;
		};
		98B995E22CD958FD00C031CF /* Build configuration list for PBXNativeTarget "IosTutorialTests" */ = {
			isa = XCConfigurationList;
			buildConfigurations = (
				98B995E32CD958FD00C031CF /* Debug */,
				98B995E42CD958FD00C031CF /* Release */,
			);
			defaultConfigurationIsVisible = 0;
			defaultConfigurationName = Release;
		};
		98B995E52CD958FD00C031CF /* Build configuration list for PBXNativeTarget "IosTutorialUITests" */ = {
			isa = XCConfigurationList;
			buildConfigurations = (
				98B995E62CD958FD00C031CF /* Debug */,
				98B995E72CD958FD00C031CF /* Release */,
			);
			defaultConfigurationIsVisible = 0;
			defaultConfigurationName = Release;
		};
/* End XCConfigurationList section */
	};
	rootObject = 98B995B22CD958FC00C031CF /* Project object */;
}
